// !$*UTF8*$!
{
	archiveVersion = 1;
	classes = {
	};
	objectVersion = 55;
	objects = {

/* Begin PBXBuildFile section */
		1137293728CCCEC00000CE09 /* CellModel.swift in Sources */ = {isa = PBXBuildFile; fileRef = 1137293628CCCEC00000CE09 /* CellModel.swift */; };
		114847CB2865C5390064779C /* AppDelegate.swift in Sources */ = {isa = PBXBuildFile; fileRef = 114847CA2865C5390064779C /* AppDelegate.swift */; };
		114847CD2865C5390064779C /* SceneDelegate.swift in Sources */ = {isa = PBXBuildFile; fileRef = 114847CC2865C5390064779C /* SceneDelegate.swift */; };
		114847CF2865C5390064779C /* ViewController.swift in Sources */ = {isa = PBXBuildFile; fileRef = 114847CE2865C5390064779C /* ViewController.swift */; };
		114847D22865C5390064779C /* Main.storyboard in Resources */ = {isa = PBXBuildFile; fileRef = 114847D02865C5390064779C /* Main.storyboard */; };
		114847D42865C53C0064779C /* Assets.xcassets in Resources */ = {isa = PBXBuildFile; fileRef = 114847D32865C53C0064779C /* Assets.xcassets */; };
		114847D72865C53C0064779C /* LaunchScreen.storyboard in Resources */ = {isa = PBXBuildFile; fileRef = 114847D52865C53C0064779C /* LaunchScreen.storyboard */; };
		1183349428DEA2BA009295D3 /* Detail.storyboard in Resources */ = {isa = PBXBuildFile; fileRef = 1183349328DEA2BA009295D3 /* Detail.storyboard */; };
		1183349628DEA35F009295D3 /* DetailViewController.swift in Sources */ = {isa = PBXBuildFile; fileRef = 1183349528DEA35F009295D3 /* DetailViewController.swift */; };
		1183C81C2893E4C3007FA54F /* TableViewCell.swift in Sources */ = {isa = PBXBuildFile; fileRef = 1183C81A2893E4C3007FA54F /* TableViewCell.swift */; };
		1183C81D2893E4C3007FA54F /* TableViewCell.xib in Resources */ = {isa = PBXBuildFile; fileRef = 1183C81B2893E4C3007FA54F /* TableViewCell.xib */; };
/* End PBXBuildFile section */

/* Begin PBXFileReference section */
		1137293628CCCEC00000CE09 /* CellModel.swift */ = {isa = PBXFileReference; lastKnownFileType = sourcecode.swift; path = CellModel.swift; sourceTree = "<group>"; };
		114847C72865C5390064779C /* FM-Task2.app */ = {isa = PBXFileReference; explicitFileType = wrapper.application; includeInIndex = 0; path = "FM-Task2.app"; sourceTree = BUILT_PRODUCTS_DIR; };
		114847CA2865C5390064779C /* AppDelegate.swift */ = {isa = PBXFileReference; lastKnownFileType = sourcecode.swift; path = AppDelegate.swift; sourceTree = "<group>"; };
		114847CC2865C5390064779C /* SceneDelegate.swift */ = {isa = PBXFileReference; lastKnownFileType = sourcecode.swift; path = SceneDelegate.swift; sourceTree = "<group>"; };
		114847CE2865C5390064779C /* ViewController.swift */ = {isa = PBXFileReference; lastKnownFileType = sourcecode.swift; path = ViewController.swift; sourceTree = "<group>"; };
		114847D12865C5390064779C /* Base */ = {isa = PBXFileReference; lastKnownFileType = file.storyboard; name = Base; path = Base.lproj/Main.storyboard; sourceTree = "<group>"; };
		114847D32865C53C0064779C /* Assets.xcassets */ = {isa = PBXFileReference; lastKnownFileType = folder.assetcatalog; path = Assets.xcassets; sourceTree = "<group>"; };
		114847D62865C53C0064779C /* Base */ = {isa = PBXFileReference; lastKnownFileType = file.storyboard; name = Base; path = Base.lproj/LaunchScreen.storyboard; sourceTree = "<group>"; };
		114847D82865C53C0064779C /* Info.plist */ = {isa = PBXFileReference; lastKnownFileType = text.plist.xml; path = Info.plist; sourceTree = "<group>"; };
		1183349328DEA2BA009295D3 /* Detail.storyboard */ = {isa = PBXFileReference; lastKnownFileType = file.storyboard; path = Detail.storyboard; sourceTree = "<group>"; };
		1183349528DEA35F009295D3 /* DetailViewController.swift */ = {isa = PBXFileReference; lastKnownFileType = sourcecode.swift; name = DetailViewController.swift; path = "FM-Task2/Controller/DetailViewController.swift"; sourceTree = SOURCE_ROOT; };
		1183C81A2893E4C3007FA54F /* TableViewCell.swift */ = {isa = PBXFileReference; lastKnownFileType = sourcecode.swift; path = TableViewCell.swift; sourceTree = "<group>"; };
		1183C81B2893E4C3007FA54F /* TableViewCell.xib */ = {isa = PBXFileReference; lastKnownFileType = file.xib; path = TableViewCell.xib; sourceTree = "<group>"; };
/* End PBXFileReference section */

/* Begin PBXFrameworksBuildPhase section */
		114847C42865C5390064779C /* Frameworks */ = {
			isa = PBXFrameworksBuildPhase;
			buildActionMask = 2147483647;
			files = (
			);
			runOnlyForDeploymentPostprocessing = 0;
		};
/* End PBXFrameworksBuildPhase section */

/* Begin PBXGroup section */
		1137293828CCCFBE0000CE09 /* Model */ = {
			isa = PBXGroup;
			children = (
				1137293628CCCEC00000CE09 /* CellModel.swift */,
			);
			path = Model;
			sourceTree = "<group>";
		};
		1137293928CCCFCB0000CE09 /* View */ = {
			isa = PBXGroup;
			children = (
				114847D02865C5390064779C /* Main.storyboard */,
				1183349328DEA2BA009295D3 /* Detail.storyboard */,
				1183C81B2893E4C3007FA54F /* TableViewCell.xib */,
			);
			path = View;
			sourceTree = "<group>";
		};
		1137293A28CCCFD30000CE09 /* Controller */ = {
			isa = PBXGroup;
			children = (
				114847CA2865C5390064779C /* AppDelegate.swift */,
				114847CC2865C5390064779C /* SceneDelegate.swift */,
				114847CE2865C5390064779C /* ViewController.swift */,
				1183349528DEA35F009295D3 /* DetailViewController.swift */,
				1183C81A2893E4C3007FA54F /* TableViewCell.swift */,
			);
			path = Controller;
			sourceTree = "<group>";
		};
		114847BE2865C5390064779C = {
			isa = PBXGroup;
			children = (
				114847C92865C5390064779C /* FM-Task2 */,
				114847C82865C5390064779C /* Products */,
			);
			sourceTree = "<group>";
		};
		114847C82865C5390064779C /* Products */ = {
			isa = PBXGroup;
			children = (
				114847C72865C5390064779C /* FM-Task2.app */,
			);
			name = Products;
			sourceTree = "<group>";
		};
		114847C92865C5390064779C /* FM-Task2 */ = {
			isa = PBXGroup;
			children = (
				1137293828CCCFBE0000CE09 /* Model */,
				1137293928CCCFCB0000CE09 /* View */,
				1137293A28CCCFD30000CE09 /* Controller */,
				114847D32865C53C0064779C /* Assets.xcassets */,
				114847D52865C53C0064779C /* LaunchScreen.storyboard */,
				114847D82865C53C0064779C /* Info.plist */,
			);
			path = "FM-Task2";
			sourceTree = "<group>";
		};
/* End PBXGroup section */

/* Begin PBXNativeTarget section */
		114847C62865C5390064779C /* FM-Task2 */ = {
			isa = PBXNativeTarget;
			buildConfigurationList = 114847DB2865C53C0064779C /* Build configuration list for PBXNativeTarget "FM-Task2" */;
			buildPhases = (
				114847C32865C5390064779C /* Sources */,
				114847C42865C5390064779C /* Frameworks */,
				114847C52865C5390064779C /* Resources */,
			);
			buildRules = (
			);
			dependencies = (
			);
			name = "FM-Task2";
			productName = "FM-Task1";
			productReference = 114847C72865C5390064779C /* FM-Task2.app */;
			productType = "com.apple.product-type.application";
		};
/* End PBXNativeTarget section */

/* Begin PBXProject section */
		114847BF2865C5390064779C /* Project object */ = {
			isa = PBXProject;
			attributes = {
				BuildIndependentTargetsInParallel = 1;
				KnownAssetTags = (
					1,
				);
				LastSwiftUpdateCheck = 1340;
				LastUpgradeCheck = 1340;
				TargetAttributes = {
					114847C62865C5390064779C = {
						CreatedOnToolsVersion = 13.4.1;
					};
				};
			};
			buildConfigurationList = 114847C22865C5390064779C /* Build configuration list for PBXProject "FM-Task2" */;
			compatibilityVersion = "Xcode 13.0";
			developmentRegion = en;
			hasScannedForEncodings = 0;
			knownRegions = (
				en,
				Base,
			);
			mainGroup = 114847BE2865C5390064779C;
			productRefGroup = 114847C82865C5390064779C /* Products */;
			projectDirPath = "";
			projectRoot = "";
			targets = (
				114847C62865C5390064779C /* FM-Task2 */,
			);
		};
/* End PBXProject section */

/* Begin PBXResourcesBuildPhase section */
		114847C52865C5390064779C /* Resources */ = {
			isa = PBXResourcesBuildPhase;
			buildActionMask = 2147483647;
			files = (
				114847D72865C53C0064779C /* LaunchScreen.storyboard in Resources */,
				1183C81D2893E4C3007FA54F /* TableViewCell.xib in Resources */,
				114847D42865C53C0064779C /* Assets.xcassets in Resources */,
				1183349428DEA2BA009295D3 /* Detail.storyboard in Resources */,
				114847D22865C5390064779C /* Main.storyboard in Resources */,
			);
			runOnlyForDeploymentPostprocessing = 0;
		};
/* End PBXResourcesBuildPhase section */

/* Begin PBXSourcesBuildPhase section */
		114847C32865C5390064779C /* Sources */ = {
			isa = PBXSourcesBuildPhase;
			buildActionMask = 2147483647;
			files = (
				114847CF2865C5390064779C /* ViewController.swift in Sources */,
				1183C81C2893E4C3007FA54F /* TableViewCell.swift in Sources */,
				114847CB2865C5390064779C /* AppDelegate.swift in Sources */,
				1183349628DEA35F009295D3 /* DetailViewController.swift in Sources */,
				1137293728CCCEC00000CE09 /* CellModel.swift in Sources */,
				114847CD2865C5390064779C /* SceneDelegate.swift in Sources */,
			);
			runOnlyForDeploymentPostprocessing = 0;
		};
/* End PBXSourcesBuildPhase section */

/* Begin PBXVariantGroup section */
		114847D02865C5390064779C /* Main.storyboard */ = {
			isa = PBXVariantGroup;
			children = (
				114847D12865C5390064779C /* Base */,
			);
			name = Main.storyboard;
			sourceTree = "<group>";
		};
		114847D52865C53C0064779C /* LaunchScreen.storyboard */ = {
			isa = PBXVariantGroup;
			children = (
				114847D62865C53C0064779C /* Base */,
			);
			name = LaunchScreen.storyboard;
			sourceTree = "<group>";
		};
/* End PBXVariantGroup section */

/* Begin XCBuildConfiguration section */
		114847D92865C53C0064779C /* Debug */ = {
			isa = XCBuildConfiguration;
			buildSettings = {
				ALWAYS_SEARCH_USER_PATHS = NO;
				CLANG_ANALYZER_NONNULL = YES;
				CLANG_ANALYZER_NUMBER_OBJECT_CONVERSION = YES_AGGRESSIVE;
				CLANG_CXX_LANGUAGE_STANDARD = "gnu++17";
				CLANG_ENABLE_MODULES = YES;
				CLANG_ENABLE_OBJC_ARC = YES;
				CLANG_ENABLE_OBJC_WEAK = YES;
				CLANG_WARN_BLOCK_CAPTURE_AUTORELEASING = YES;
				CLANG_WARN_BOOL_CONVERSION = YES;
				CLANG_WARN_COMMA = YES;
				CLANG_WARN_CONSTANT_CONVERSION = YES;
				CLANG_WARN_DEPRECATED_OBJC_IMPLEMENTATIONS = YES;
				CLANG_WARN_DIRECT_OBJC_ISA_USAGE = YES_ERROR;
				CLANG_WARN_DOCUMENTATION_COMMENTS = YES;
				CLANG_WARN_EMPTY_BODY = YES;
				CLANG_WARN_ENUM_CONVERSION = YES;
				CLANG_WARN_INFINITE_RECURSION = YES;
				CLANG_WARN_INT_CONVERSION = YES;
				CLANG_WARN_NON_LITERAL_NULL_CONVERSION = YES;
				CLANG_WARN_OBJC_IMPLICIT_RETAIN_SELF = YES;
				CLANG_WARN_OBJC_LITERAL_CONVERSION = YES;
				CLANG_WARN_OBJC_ROOT_CLASS = YES_ERROR;
				CLANG_WARN_QUOTED_INCLUDE_IN_FRAMEWORK_HEADER = YES;
				CLANG_WARN_RANGE_LOOP_ANALYSIS = YES;
				CLANG_WARN_STRICT_PROTOTYPES = YES;
				CLANG_WARN_SUSPICIOUS_MOVE = YES;
				CLANG_WARN_UNGUARDED_AVAILABILITY = YES_AGGRESSIVE;
				CLANG_WARN_UNREACHABLE_CODE = YES;
				CLANG_WARN__DUPLICATE_METHOD_MATCH = YES;
				COPY_PHASE_STRIP = NO;
				DEBUG_INFORMATION_FORMAT = dwarf;
				ENABLE_STRICT_OBJC_MSGSEND = YES;
				ENABLE_TESTABILITY = YES;
				GCC_C_LANGUAGE_STANDARD = gnu11;
				GCC_DYNAMIC_NO_PIC = NO;
				GCC_NO_COMMON_BLOCKS = YES;
				GCC_OPTIMIZATION_LEVEL = 0;
				GCC_PREPROCESSOR_DEFINITIONS = (
					"DEBUG=1",
					"$(inherited)",
				);
				GCC_WARN_64_TO_32_BIT_CONVERSION = YES;
				GCC_WARN_ABOUT_RETURN_TYPE = YES_ERROR;
				GCC_WARN_UNDECLARED_SELECTOR = YES;
				GCC_WARN_UNINITIALIZED_AUTOS = YES_AGGRESSIVE;
				GCC_WARN_UNUSED_FUNCTION = YES;
				GCC_WARN_UNUSED_VARIABLE = YES;
				IPHONEOS_DEPLOYMENT_TARGET = 15.5;
				MTL_ENABLE_DEBUG_INFO = INCLUDE_SOURCE;
				MTL_FAST_MATH = YES;
				ONLY_ACTIVE_ARCH = YES;
				SDKROOT = iphoneos;
				SWIFT_ACTIVE_COMPILATION_CONDITIONS = DEBUG;
				SWIFT_OPTIMIZATION_LEVEL = "-Onone";
			};
			name = Debug;
		};
		114847DA2865C53C0064779C /* Release */ = {
			isa = XCBuildConfiguration;
			buildSettings = {
				ALWAYS_SEARCH_USER_PATHS = NO;
				CLANG_ANALYZER_NONNULL = YES;
				CLANG_ANALYZER_NUMBER_OBJECT_CONVERSION = YES_AGGRESSIVE;
				CLANG_CXX_LANGUAGE_STANDARD = "gnu++17";
				CLANG_ENABLE_MODULES = YES;
				CLANG_ENABLE_OBJC_ARC = YES;
				CLANG_ENABLE_OBJC_WEAK = YES;
				CLANG_WARN_BLOCK_CAPTURE_AUTORELEASING = YES;
				CLANG_WARN_BOOL_CONVERSION = YES;
				CLANG_WARN_COMMA = YES;
				CLANG_WARN_CONSTANT_CONVERSION = YES;
				CLANG_WARN_DEPRECATED_OBJC_IMPLEMENTATIONS = YES;
				CLANG_WARN_DIRECT_OBJC_ISA_USAGE = YES_ERROR;
				CLANG_WARN_DOCUMENTATION_COMMENTS = YES;
				CLANG_WARN_EMPTY_BODY = YES;
				CLANG_WARN_ENUM_CONVERSION = YES;
				CLANG_WARN_INFINITE_RECURSION = YES;
				CLANG_WARN_INT_CONVERSION = YES;
				CLANG_WARN_NON_LITERAL_NULL_CONVERSION = YES;
				CLANG_WARN_OBJC_IMPLICIT_RETAIN_SELF = YES;
				CLANG_WARN_OBJC_LITERAL_CONVERSION = YES;
				CLANG_WARN_OBJC_ROOT_CLASS = YES_ERROR;
				CLANG_WARN_QUOTED_INCLUDE_IN_FRAMEWORK_HEADER = YES;
				CLANG_WARN_RANGE_LOOP_ANALYSIS = YES;
				CLANG_WARN_STRICT_PROTOTYPES = YES;
				CLANG_WARN_SUSPICIOUS_MOVE = YES;
				CLANG_WARN_UNGUARDED_AVAILABILITY = YES_AGGRESSIVE;
				CLANG_WARN_UNREACHABLE_CODE = YES;
				CLANG_WARN__DUPLICATE_METHOD_MATCH = YES;
				COPY_PHASE_STRIP = NO;
				DEBUG_INFORMATION_FORMAT = "dwarf-with-dsym";
				ENABLE_NS_ASSERTIONS = NO;
				ENABLE_STRICT_OBJC_MSGSEND = YES;
				GCC_C_LANGUAGE_STANDARD = gnu11;
				GCC_NO_COMMON_BLOCKS = YES;
				GCC_WARN_64_TO_32_BIT_CONVERSION = YES;
				GCC_WARN_ABOUT_RETURN_TYPE = YES_ERROR;
				GCC_WARN_UNDECLARED_SELECTOR = YES;
				GCC_WARN_UNINITIALIZED_AUTOS = YES_AGGRESSIVE;
				GCC_WARN_UNUSED_FUNCTION = YES;
				GCC_WARN_UNUSED_VARIABLE = YES;
				IPHONEOS_DEPLOYMENT_TARGET = 15.5;
				MTL_ENABLE_DEBUG_INFO = NO;
				MTL_FAST_MATH = YES;
				SDKROOT = iphoneos;
				SWIFT_COMPILATION_MODE = wholemodule;
				SWIFT_OPTIMIZATION_LEVEL = "-O";
				VALIDATE_PRODUCT = YES;
			};
			name = Release;
		};
		114847DC2865C53C0064779C /* Debug */ = {
			isa = XCBuildConfiguration;
			buildSettings = {
				ASSETCATALOG_COMPILER_APPICON_NAME = AppIcon;
				ASSETCATALOG_COMPILER_GLOBAL_ACCENT_COLOR_NAME = AccentColor;
				CODE_SIGN_STYLE = Automatic;
				CURRENT_PROJECT_VERSION = 1;
				DEVELOPMENT_TEAM = L9S2LTSDGK;
				GENERATE_INFOPLIST_FILE = YES;
				INFOPLIST_FILE = "FM-Task2/Info.plist";
				INFOPLIST_KEY_LSApplicationCategoryType = "";
				INFOPLIST_KEY_UIApplicationSupportsIndirectInputEvents = YES;
				INFOPLIST_KEY_UILaunchStoryboardName = LaunchScreen;
				INFOPLIST_KEY_UIMainStoryboardFile = Main;
				INFOPLIST_KEY_UISupportedInterfaceOrientations_iPad = "UIInterfaceOrientationPortrait UIInterfaceOrientationPortraitUpsideDown UIInterfaceOrientationLandscapeLeft UIInterfaceOrientationLandscapeRight";
				INFOPLIST_KEY_UISupportedInterfaceOrientations_iPhone = "UIInterfaceOrientationPortrait UIInterfaceOrientationLandscapeLeft UIInterfaceOrientationLandscapeRight";
				LD_RUNPATH_SEARCH_PATHS = (
					"$(inherited)",
					"@executable_path/Frameworks",
				);
				MARKETING_VERSION = 1.0;
				PRODUCT_BUNDLE_IDENTIFIER = "com.freemake.soiri.FM-Task1";
				PRODUCT_NAME = "$(TARGET_NAME)";
				SWIFT_EMIT_LOC_STRINGS = YES;
				SWIFT_VERSION = 5.0;
				TARGETED_DEVICE_FAMILY = "1,2";
			};
			name = Debug;
		};
		114847DD2865C53C0064779C /* Release */ = {
			isa = XCBuildConfiguration;
			buildSettings = {
				ASSETCATALOG_COMPILER_APPICON_NAME = AppIcon;
				ASSETCATALOG_COMPILER_GLOBAL_ACCENT_COLOR_NAME = AccentColor;
				CODE_SIGN_STYLE = Automatic;
				CURRENT_PROJECT_VERSION = 1;
				DEVELOPMENT_TEAM = L9S2LTSDGK;
				GENERATE_INFOPLIST_FILE = YES;
				INFOPLIST_FILE = "FM-Task2/Info.plist";
				INFOPLIST_KEY_LSApplicationCategoryType = "";
				INFOPLIST_KEY_UIApplicationSupportsIndirectInputEvents = YES;
				INFOPLIST_KEY_UILaunchStoryboardName = LaunchScreen;
				INFOPLIST_KEY_UIMainStoryboardFile = Main;
				INFOPLIST_KEY_UISupportedInterfaceOrientations_iPad = "UIInterfaceOrientationPortrait UIInterfaceOrientationPortraitUpsideDown UIInterfaceOrientationLandscapeLeft UIInterfaceOrientationLandscapeRight";
				INFOPLIST_KEY_UISupportedInterfaceOrientations_iPhone = "UIInterfaceOrientationPortrait UIInterfaceOrientationLandscapeLeft UIInterfaceOrientationLandscapeRight";
				LD_RUNPATH_SEARCH_PATHS = (
					"$(inherited)",
					"@executable_path/Frameworks",
				);
				MARKETING_VERSION = 1.0;
				PRODUCT_BUNDLE_IDENTIFIER = "com.freemake.soiri.FM-Task1";
				PRODUCT_NAME = "$(TARGET_NAME)";
				SWIFT_EMIT_LOC_STRINGS = YES;
				SWIFT_VERSION = 5.0;
				TARGETED_DEVICE_FAMILY = "1,2";
			};
			name = Release;
		};
/* End XCBuildConfiguration section */

/* Begin XCConfigurationList section */
		114847C22865C5390064779C /* Build configuration list for PBXProject "FM-Task2" */ = {
			isa = XCConfigurationList;
			buildConfigurations = (
				114847D92865C53C0064779C /* Debug */,
				114847DA2865C53C0064779C /* Release */,
			);
			defaultConfigurationIsVisible = 0;
			defaultConfigurationName = Release;
		};
		114847DB2865C53C0064779C /* Build configuration list for PBXNativeTarget "FM-Task2" */ = {
			isa = XCConfigurationList;
			buildConfigurations = (
				114847DC2865C53C0064779C /* Debug */,
				114847DD2865C53C0064779C /* Release */,
			);
			defaultConfigurationIsVisible = 0;
			defaultConfigurationName = Release;
		};
/* End XCConfigurationList section */
	};
	rootObject = 114847BF2865C5390064779C /* Project object */;
}
